#MicroXplorer Configuration settings - do not modify
Mcu.Family=STM32F4
ProjectManager.MainLocation=Core/Src
ProjectManager.ProjectFileName=Finalproject5.ioc
RCC.CortexFreq_Value=16000000
ProjectManager.KeepUserCode=true
Mcu.UserName=STM32F407VGTx
Mcu.PinsNb=28
ProjectManager.NoMain=false
PC11.Locked=true
PC12.Locked=true
PC10.Locked=true
RCC.PLLCLKFreq_Value=96000000
PC10.Signal=GPIO_Input
PC11.Signal=GPIO_Input
PC12.Signal=GPIO_Input
RCC.PLLQCLKFreq_Value=48000000
PC5.Locked=true
PC7.Locked=true
PD3.Signal=GPIO_Output
ProjectManager.functionlistsort=1-SystemClock_Config-RCC-false-HAL-false
PC8.Signal=GPIO_Input
PC4.Signal=GPIO_Input
PC2.Signal=GPIO_Input
PC6.Signal=GPIO_Input
PD8.Locked=true
PD7.Signal=GPIO_Output
PC3.Locked=true
PD1.Signal=GPIO_Output
RCC.RTCFreq_Value=32000
PC9.Locked=true
ProjectManager.DefaultFWLocation=true
PD6.Locked=true
PD9.Signal=GPIO_Output
PD5.Signal=GPIO_Output
PD0.Locked=true
PD2.Locked=true
PD4.Locked=true
ProjectManager.DeletePrevious=true
PC0.Signal=GPIO_Input
PC14-OSC32_IN.Signal=GPIO_Input
PC1.Locked=true
PinOutPanel.RotationAngle=0
RCC.FamilyName=M
ProjectManager.StackSize=0x400
PD10.Signal=GPIO_Output
NVIC.SVCall_IRQn=true\:0\:0\:false\:false\:true\:false\:false
Mcu.IP2=SYS
Mcu.IP0=NVIC
Mcu.IP1=RCC
PC15-OSC32_OUT.Locked=true
Mcu.UserConstants=
ProjectManager.TargetToolchain=STM32CubeIDE
Mcu.ThirdPartyNb=0
Mcu.IPNb=3
RCC.I2SClocksFreq_Value=96000000
ProjectManager.PreviousToolchain=
PC6.Locked=true
PD4.Signal=GPIO_Output
RCC.VcooutputI2S=96000000
PC7.Signal=GPIO_Input
PC3.Signal=GPIO_Input
Mcu.Pin6=PC3
PD0.Signal=GPIO_Output
PC2.Locked=true
Mcu.Pin7=PC4
PD8.Signal=GPIO_Output
ProjectManager.RegisterCallBack=
Mcu.Pin8=PC5
Mcu.Pin9=PD8
PD7.Locked=true
RCC.LSE_VALUE=32768
PD3.Locked=true
PC15-OSC32_OUT.Signal=GPIO_Input
RCC.AHBFreq_Value=16000000
Mcu.Pin0=PC13-ANTI_TAMP
Mcu.Pin1=PC14-OSC32_IN
Mcu.Pin2=PC15-OSC32_OUT
Mcu.Pin3=PC0
Mcu.Pin4=PC1
RCC.VCOI2SOutputFreq_Value=192000000
Mcu.Pin5=PC2
ProjectManager.ProjectBuild=false
RCC.HSE_VALUE=25000000
NVIC.UsageFault_IRQn=true\:0\:0\:false\:false\:true\:false\:false
NVIC.DebugMonitor_IRQn=true\:0\:0\:false\:false\:true\:false\:false
board=custom
PC13-ANTI_TAMP.Signal=GPIO_Input
RCC.VCOOutputFreq_Value=192000000
PC13-ANTI_TAMP.Locked=true
NVIC.SysTick_IRQn=true\:0\:0\:false\:false\:true\:false\:true
ProjectManager.LastFirmware=true
ProjectManager.FirmwarePackage=STM32Cube FW_F4 V1.26.2
MxDb.Version=DB.6.0.21
RCC.APB2Freq_Value=16000000
ProjectManager.BackupPrevious=false
MxCube.Version=6.2.1
RCC.VCOInputFreq_Value=1000000
File.Version=6
VP_SYS_VS_Systick.Mode=SysTick
NVIC.NonMaskableInt_IRQn=true\:0\:0\:false\:false\:true\:false\:false
NVIC.PendSV_IRQn=true\:0\:0\:false\:false\:true\:false\:false
ProjectManager.FreePins=false
RCC.IPParameters=AHBFreq_Value,APB1Freq_Value,APB2Freq_Value,CortexFreq_Value,FamilyName,HSE_VALUE,HSI_VALUE,I2SClocksFreq_Value,LSE_VALUE,LSI_VALUE,PLLCLKFreq_Value,PLLQCLKFreq_Value,RTCFreq_Value,RTCHSEDivFreq_Value,SYSCLKFreq_VALUE,VCOI2SOutputFreq_Value,VCOInputFreq_Value,VCOOutputFreq_Value,VcooutputI2S
ProjectManager.AskForMigrate=true
Mcu.Name=STM32F407V(E-G)Tx
ProjectManager.HalAssertFull=false
Mcu.Pin26=PD7
Mcu.Pin27=VP_SYS_VS_Systick
RCC.RTCHSEDivFreq_Value=12500000
Mcu.Pin24=PD5
ProjectManager.ProjectName=Finalproject5
ProjectManager.UnderRoot=true
Mcu.Pin25=PD6
ProjectManager.CoupleFile=false
RCC.SYSCLKFreq_VALUE=16000000
Mcu.Package=LQFP100
Mcu.Pin22=PD3
Mcu.Pin23=PD4
Mcu.Pin20=PD1
Mcu.Pin21=PD2
PD10.Locked=true
NVIC.ForceEnableDMAVector=true
KeepUserPlacement=false
NVIC.MemoryManagement_IRQn=true\:0\:0\:false\:false\:true\:false\:false
ProjectManager.CompilerOptimize=6
ProjectManager.ToolChainLocation=
RCC.LSI_VALUE=32000
VP_SYS_VS_Systick.Signal=SYS_VS_Systick
ProjectManager.HeapSize=0x200
Mcu.Pin15=PC9
NVIC.HardFault_IRQn=true\:0\:0\:false\:false\:true\:false\:false
Mcu.Pin16=PC10
Mcu.Pin13=PC7
Mcu.Pin14=PC8
Mcu.Pin19=PD0
ProjectManager.ComputerToolchain=false
Mcu.Pin17=PC11
RCC.HSI_VALUE=16000000
Mcu.Pin18=PC12
NVIC.PriorityGroup=NVIC_PRIORITYGROUP_4
Mcu.Pin11=PD10
Mcu.Pin12=PC6
Mcu.Pin10=PD9
NVIC.BusFault_IRQn=true\:0\:0\:false\:false\:true\:false\:false
PC4.Locked=true
PC8.Locked=true
PC5.Signal=GPIO_Input
PC9.Signal=GPIO_Input
PD2.Signal=GPIO_Output
PD6.Signal=GPIO_Output
PD9.Locked=true
RCC.APB1Freq_Value=16000000
PD1.Locked=true
PD5.Locked=true
ProjectManager.CustomerFirmwarePackage=
PC0.Locked=true
ProjectManager.DeviceId=STM32F407VGTx
PC1.Signal=GPIO_Input
PC14-OSC32_IN.Locked=true
ProjectManager.LibraryCopy=1
isbadioc=false
